// !$*UTF8*$!
{
	archiveVersion = 1;
	classes = {
	};
	objectVersion = 48;
	objects = {

/* Begin PBXBuildFile section */
		CF7A81CF1FC57B86005C03E4 /* AppDelegate.swift in Sources */ = {isa = PBXBuildFile; fileRef = CF7A81CE1FC57B86005C03E4 /* AppDelegate.swift */; };
		CF7A81D11FC57B86005C03E4 /* ViewController.swift in Sources */ = {isa = PBXBuildFile; fileRef = CF7A81D01FC57B86005C03E4 /* ViewController.swift */; };
		CF7A81D41FC57B86005C03E4 /* Main.storyboard in Resources */ = {isa = PBXBuildFile; fileRef = CF7A81D21FC57B86005C03E4 /* Main.storyboard */; };
		CF7A81D61FC57B86005C03E4 /* Assets.xcassets in Resources */ = {isa = PBXBuildFile; fileRef = CF7A81D51FC57B86005C03E4 /* Assets.xcassets */; };
		CF7A81D91FC57B86005C03E4 /* LaunchScreen.storyboard in Resources */ = {isa = PBXBuildFile; fileRef = CF7A81D71FC57B86005C03E4 /* LaunchScreen.storyboard */; };
		CF7A81E21FC57BCF005C03E4 /* HTPageView.swift in Sources */ = {isa = PBXBuildFile; fileRef = CF7A81E11FC57BCF005C03E4 /* HTPageView.swift */; };
		CF7A81E41FC5B7B9005C03E4 /* HTTitleStyle.swift in Sources */ = {isa = PBXBuildFile; fileRef = CF7A81E31FC5B7B9005C03E4 /* HTTitleStyle.swift */; };
		CF7A81E61FC5B9D7005C03E4 /* HTTitleView.swift in Sources */ = {isa = PBXBuildFile; fileRef = CF7A81E51FC5B9D7005C03E4 /* HTTitleView.swift */; };
		CF7A81E81FC5BBCA005C03E4 /* UIColor+Extension.swift in Sources */ = {isa = PBXBuildFile; fileRef = CF7A81E71FC5BBCA005C03E4 /* UIColor+Extension.swift */; };
		CF7A81EA1FC5C06F005C03E4 /* HTContentView.swift in Sources */ = {isa = PBXBuildFile; fileRef = CF7A81E91FC5C06F005C03E4 /* HTContentView.swift */; };
/* End PBXBuildFile section */

/* Begin PBXFileReference section */
		CF7A81CB1FC57B86005C03E4 /* HTPageViewExample.app */ = {isa = PBXFileReference; explicitFileType = wrapper.application; includeInIndex = 0; path = HTPageViewExample.app; sourceTree = BUILT_PRODUCTS_DIR; };
		CF7A81CE1FC57B86005C03E4 /* AppDelegate.swift */ = {isa = PBXFileReference; lastKnownFileType = sourcecode.swift; path = AppDelegate.swift; sourceTree = "<group>"; };
		CF7A81D01FC57B86005C03E4 /* ViewController.swift */ = {isa = PBXFileReference; lastKnownFileType = sourcecode.swift; path = ViewController.swift; sourceTree = "<group>"; };
		CF7A81D31FC57B86005C03E4 /* Base */ = {isa = PBXFileReference; lastKnownFileType = file.storyboard; name = Base; path = Base.lproj/Main.storyboard; sourceTree = "<group>"; };
		CF7A81D51FC57B86005C03E4 /* Assets.xcassets */ = {isa = PBXFileReference; lastKnownFileType = folder.assetcatalog; path = Assets.xcassets; sourceTree = "<group>"; };
		CF7A81D81FC57B86005C03E4 /* Base */ = {isa = PBXFileReference; lastKnownFileType = file.storyboard; name = Base; path = Base.lproj/LaunchScreen.storyboard; sourceTree = "<group>"; };
		CF7A81DA1FC57B86005C03E4 /* Info.plist */ = {isa = PBXFileReference; lastKnownFileType = text.plist.xml; path = Info.plist; sourceTree = "<group>"; };
		CF7A81E11FC57BCF005C03E4 /* HTPageView.swift */ = {isa = PBXFileReference; lastKnownFileType = sourcecode.swift; path = HTPageView.swift; sourceTree = "<group>"; };
		CF7A81E31FC5B7B9005C03E4 /* HTTitleStyle.swift */ = {isa = PBXFileReference; lastKnownFileType = sourcecode.swift; path = HTTitleStyle.swift; sourceTree = "<group>"; };
		CF7A81E51FC5B9D7005C03E4 /* HTTitleView.swift */ = {isa = PBXFileReference; lastKnownFileType = sourcecode.swift; path = HTTitleView.swift; sourceTree = "<group>"; };
		CF7A81E71FC5BBCA005C03E4 /* UIColor+Extension.swift */ = {isa = PBXFileReference; lastKnownFileType = sourcecode.swift; path = "UIColor+Extension.swift"; sourceTree = "<group>"; };
		CF7A81E91FC5C06F005C03E4 /* HTContentView.swift */ = {isa = PBXFileReference; lastKnownFileType = sourcecode.swift; path = HTContentView.swift; sourceTree = "<group>"; };
/* End PBXFileReference section */

/* Begin PBXFrameworksBuildPhase section */
		CF7A81C81FC57B86005C03E4 /* Frameworks */ = {
			isa = PBXFrameworksBuildPhase;
			buildActionMask = 2147483647;
			files = (
			);
			runOnlyForDeploymentPostprocessing = 0;
		};
/* End PBXFrameworksBuildPhase section */

/* Begin PBXGroup section */
		CF7A81C21FC57B86005C03E4 = {
			isa = PBXGroup;
			children = (
				CF7A81CD1FC57B86005C03E4 /* HTPageViewExample */,
				CF7A81CC1FC57B86005C03E4 /* Products */,
			);
			sourceTree = "<group>";
		};
		CF7A81CC1FC57B86005C03E4 /* Products */ = {
			isa = PBXGroup;
			children = (
				CF7A81CB1FC57B86005C03E4 /* HTPageViewExample.app */,
			);
			name = Products;
			sourceTree = "<group>";
		};
		CF7A81CD1FC57B86005C03E4 /* HTPageViewExample */ = {
			isa = PBXGroup;
			children = (
				CF7A81E01FC57BAD005C03E4 /* HTPageView */,
				CF7A81CE1FC57B86005C03E4 /* AppDelegate.swift */,
				CF7A81D01FC57B86005C03E4 /* ViewController.swift */,
				CF7A81D21FC57B86005C03E4 /* Main.storyboard */,
				CF7A81D51FC57B86005C03E4 /* Assets.xcassets */,
				CF7A81D71FC57B86005C03E4 /* LaunchScreen.storyboard */,
				CF7A81DA1FC57B86005C03E4 /* Info.plist */,
			);
			path = HTPageViewExample;
			sourceTree = "<group>";
		};
		CF7A81E01FC57BAD005C03E4 /* HTPageView */ = {
			isa = PBXGroup;
			children = (
				CF7A81E71FC5BBCA005C03E4 /* UIColor+Extension.swift */,
				CF7A81E11FC57BCF005C03E4 /* HTPageView.swift */,
				CF7A81E91FC5C06F005C03E4 /* HTContentView.swift */,
				CF7A81E51FC5B9D7005C03E4 /* HTTitleView.swift */,
				CF7A81E31FC5B7B9005C03E4 /* HTTitleStyle.swift */,
			);
			path = HTPageView;
			sourceTree = "<group>";
		};
/* End PBXGroup section */

/* Begin PBXNativeTarget section */
		CF7A81CA1FC57B86005C03E4 /* HTPageViewExample */ = {
			isa = PBXNativeTarget;
			buildConfigurationList = CF7A81DD1FC57B86005C03E4 /* Build configuration list for PBXNativeTarget "HTPageViewExample" */;
			buildPhases = (
				CF7A81C71FC57B86005C03E4 /* Sources */,
				CF7A81C81FC57B86005C03E4 /* Frameworks */,
				CF7A81C91FC57B86005C03E4 /* Resources */,
			);
			buildRules = (
			);
			dependencies = (
			);
			name = HTPageViewExample;
			productName = HTPageViewExample;
			productReference = CF7A81CB1FC57B86005C03E4 /* HTPageViewExample.app */;
			productType = "com.apple.product-type.application";
		};
/* End PBXNativeTarget section */

/* Begin PBXProject section */
		CF7A81C31FC57B86005C03E4 /* Project object */ = {
			isa = PBXProject;
			attributes = {
				LastSwiftUpdateCheck = 0910;
				LastUpgradeCheck = 0910;
				ORGANIZATIONNAME = "魏小庄";
				TargetAttributes = {
					CF7A81CA1FC57B86005C03E4 = {
						CreatedOnToolsVersion = 9.1;
						ProvisioningStyle = Automatic;
					};
				};
			};
			buildConfigurationList = CF7A81C61FC57B86005C03E4 /* Build configuration list for PBXProject "HTPageViewExample" */;
			compatibilityVersion = "Xcode 8.0";
			developmentRegion = en;
			hasScannedForEncodings = 0;
			knownRegions = (
				en,
				Base,
			);
			mainGroup = CF7A81C21FC57B86005C03E4;
			productRefGroup = CF7A81CC1FC57B86005C03E4 /* Products */;
			projectDirPath = "";
			projectRoot = "";
			targets = (
				CF7A81CA1FC57B86005C03E4 /* HTPageViewExample */,
			);
		};
/* End PBXProject section */

/* Begin PBXResourcesBuildPhase section */
		CF7A81C91FC57B86005C03E4 /* Resources */ = {
			isa = PBXResourcesBuildPhase;
			buildActionMask = 2147483647;
			files = (
				CF7A81D91FC57B86005C03E4 /* LaunchScreen.storyboard in Resources */,
				CF7A81D61FC57B86005C03E4 /* Assets.xcassets in Resources */,
				CF7A81D41FC57B86005C03E4 /* Main.storyboard in Resources */,
			);
			runOnlyForDeploymentPostprocessing = 0;
		};
/* End PBXResourcesBuildPhase section */

/* Begin PBXSourcesBuildPhase section */
		CF7A81C71FC57B86005C03E4 /* Sources */ = {
			isa = PBXSourcesBuildPhase;
			buildActionMask = 2147483647;
			files = (
				CF7A81EA1FC5C06F005C03E4 /* HTContentView.swift in Sources */,
				CF7A81E61FC5B9D7005C03E4 /* HTTitleView.swift in Sources */,
				CF7A81E41FC5B7B9005C03E4 /* HTTitleStyle.swift in Sources */,
				CF7A81D11FC57B86005C03E4 /* ViewController.swift in Sources */,
				CF7A81E81FC5BBCA005C03E4 /* UIColor+Extension.swift in Sources */,
				CF7A81CF1FC57B86005C03E4 /* AppDelegate.swift in Sources */,
				CF7A81E21FC57BCF005C03E4 /* HTPageView.swift in Sources */,
			);
			runOnlyForDeploymentPostprocessing = 0;
		};
/* End PBXSourcesBuildPhase section */

/* Begin PBXVariantGroup section */
		CF7A81D21FC57B86005C03E4 /* Main.storyboard */ = {
			isa = PBXVariantGroup;
			children = (
				CF7A81D31FC57B86005C03E4 /* Base */,
			);
			name = Main.storyboard;
			sourceTree = "<group>";
		};
		CF7A81D71FC57B86005C03E4 /* LaunchScreen.storyboard */ = {
			isa = PBXVariantGroup;
			children = (
				CF7A81D81FC57B86005C03E4 /* Base */,
			);
			name = LaunchScreen.storyboard;
			sourceTree = "<group>";
		};
/* End PBXVariantGroup section */

/* Begin XCBuildConfiguration section */
		CF7A81DB1FC57B86005C03E4 /* Debug */ = {
			isa = XCBuildConfiguration;
			buildSettings = {
				ALWAYS_SEARCH_USER_PATHS = NO;
				CLANG_ANALYZER_NONNULL = YES;
				CLANG_ANALYZER_NUMBER_OBJECT_CONVERSION = YES_AGGRESSIVE;
				CLANG_CXX_LANGUAGE_STANDARD = "gnu++14";
				CLANG_CXX_LIBRARY = "libc++";
				CLANG_ENABLE_MODULES = YES;
				CLANG_ENABLE_OBJC_ARC = YES;
				CLANG_WARN_BLOCK_CAPTURE_AUTORELEASING = YES;
				CLANG_WARN_BOOL_CONVERSION = YES;
				CLANG_WARN_COMMA = YES;
				CLANG_WARN_CONSTANT_CONVERSION = YES;
				CLANG_WARN_DIRECT_OBJC_ISA_USAGE = YES_ERROR;
				CLANG_WARN_DOCUMENTATION_COMMENTS = YES;
				CLANG_WARN_EMPTY_BODY = YES;
				CLANG_WARN_ENUM_CONVERSION = YES;
				CLANG_WARN_INFINITE_RECURSION = YES;
				CLANG_WARN_INT_CONVERSION = YES;
				CLANG_WARN_NON_LITERAL_NULL_CONVERSION = YES;
				CLANG_WARN_OBJC_LITERAL_CONVERSION = YES;
				CLANG_WARN_OBJC_ROOT_CLASS = YES_ERROR;
				CLANG_WARN_RANGE_LOOP_ANALYSIS = YES;
				CLANG_WARN_STRICT_PROTOTYPES = YES;
				CLANG_WARN_SUSPICIOUS_MOVE = YES;
				CLANG_WARN_UNGUARDED_AVAILABILITY = YES_AGGRESSIVE;
				CLANG_WARN_UNREACHABLE_CODE = YES;
				CLANG_WARN__DUPLICATE_METHOD_MATCH = YES;
				CODE_SIGN_IDENTITY = "iPhone Developer";
				COPY_PHASE_STRIP = NO;
				DEBUG_INFORMATION_FORMAT = dwarf;
				ENABLE_STRICT_OBJC_MSGSEND = YES;
				ENABLE_TESTABILITY = YES;
				GCC_C_LANGUAGE_STANDARD = gnu11;
				GCC_DYNAMIC_NO_PIC = NO;
				GCC_NO_COMMON_BLOCKS = YES;
				GCC_OPTIMIZATION_LEVEL = 0;
				GCC_PREPROCESSOR_DEFINITIONS = (
					"DEBUG=1",
					"$(inherited)",
				);
				GCC_WARN_64_TO_32_BIT_CONVERSION = YES;
				GCC_WARN_ABOUT_RETURN_TYPE = YES_ERROR;
				GCC_WARN_UNDECLARED_SELECTOR = YES;
				GCC_WARN_UNINITIALIZED_AUTOS = YES_AGGRESSIVE;
				GCC_WARN_UNUSED_FUNCTION = YES;
				GCC_WARN_UNUSED_VARIABLE = YES;
				IPHONEOS_DEPLOYMENT_TARGET = 11.1;
				MTL_ENABLE_DEBUG_INFO = YES;
				ONLY_ACTIVE_ARCH = YES;
				SDKROOT = iphoneos;
				SWIFT_ACTIVE_COMPILATION_CONDITIONS = DEBUG;
				SWIFT_OPTIMIZATION_LEVEL = "-Onone";
			};
			name = Debug;
		};
		CF7A81DC1FC57B86005C03E4 /* Release */ = {
			isa = XCBuildConfiguration;
			buildSettings = {
				ALWAYS_SEARCH_USER_PATHS = NO;
				CLANG_ANALYZER_NONNULL = YES;
				CLANG_ANALYZER_NUMBER_OBJECT_CONVERSION = YES_AGGRESSIVE;
				CLANG_CXX_LANGUAGE_STANDARD = "gnu++14";
				CLANG_CXX_LIBRARY = "libc++";
				CLANG_ENABLE_MODULES = YES;
				CLANG_ENABLE_OBJC_ARC = YES;
				CLANG_WARN_BLOCK_CAPTURE_AUTORELEASING = YES;
				CLANG_WARN_BOOL_CONVERSION = YES;
				CLANG_WARN_COMMA = YES;
				CLANG_WARN_CONSTANT_CONVERSION = YES;
				CLANG_WARN_DIRECT_OBJC_ISA_USAGE = YES_ERROR;
				CLANG_WARN_DOCUMENTATION_COMMENTS = YES;
				CLANG_WARN_EMPTY_BODY = YES;
				CLANG_WARN_ENUM_CONVERSION = YES;
				CLANG_WARN_INFINITE_RECURSION = YES;
				CLANG_WARN_INT_CONVERSION = YES;
				CLANG_WARN_NON_LITERAL_NULL_CONVERSION = YES;
				CLANG_WARN_OBJC_LITERAL_CONVERSION = YES;
				CLANG_WARN_OBJC_ROOT_CLASS = YES_ERROR;
				CLANG_WARN_RANGE_LOOP_ANALYSIS = YES;
				CLANG_WARN_STRICT_PROTOTYPES = YES;
				CLANG_WARN_SUSPICIOUS_MOVE = YES;
				CLANG_WARN_UNGUARDED_AVAILABILITY = YES_AGGRESSIVE;
				CLANG_WARN_UNREACHABLE_CODE = YES;
				CLANG_WARN__DUPLICATE_METHOD_MATCH = YES;
				CODE_SIGN_IDENTITY = "iPhone Developer";
				COPY_PHASE_STRIP = NO;
				DEBUG_INFORMATION_FORMAT = "dwarf-with-dsym";
				ENABLE_NS_ASSERTIONS = NO;
				ENABLE_STRICT_OBJC_MSGSEND = YES;
				GCC_C_LANGUAGE_STANDARD = gnu11;
				GCC_NO_COMMON_BLOCKS = YES;
				GCC_WARN_64_TO_32_BIT_CONVERSION = YES;
				GCC_WARN_ABOUT_RETURN_TYPE = YES_ERROR;
				GCC_WARN_UNDECLARED_SELECTOR = YES;
				GCC_WARN_UNINITIALIZED_AUTOS = YES_AGGRESSIVE;
				GCC_WARN_UNUSED_FUNCTION = YES;
				GCC_WARN_UNUSED_VARIABLE = YES;
				IPHONEOS_DEPLOYMENT_TARGET = 11.1;
				MTL_ENABLE_DEBUG_INFO = NO;
				SDKROOT = iphoneos;
				SWIFT_OPTIMIZATION_LEVEL = "-Owholemodule";
				VALIDATE_PRODUCT = YES;
			};
			name = Release;
		};
		CF7A81DE1FC57B86005C03E4 /* Debug */ = {
			isa = XCBuildConfiguration;
			buildSettings = {
				ASSETCATALOG_COMPILER_APPICON_NAME = AppIcon;
				CODE_SIGN_STYLE = Automatic;
				DEVELOPMENT_TEAM = 3JA53WRFWZ;
				INFOPLIST_FILE = HTPageViewExample/Info.plist;
				IPHONEOS_DEPLOYMENT_TARGET = 9.0;
				LD_RUNPATH_SEARCH_PATHS = "$(inherited) @executable_path/Frameworks";
				PRODUCT_BUNDLE_IDENTIFIER = com.puc.presto.ewallet.HTPageViewExample;
				PRODUCT_NAME = "$(TARGET_NAME)";
				SWIFT_VERSION = 4.0;
				TARGETED_DEVICE_FAMILY = "1,2";
			};
			name = Debug;
		};
		CF7A81DF1FC57B86005C03E4 /* Release */ = {
			isa = XCBuildConfiguration;
			buildSettings = {
				ASSETCATALOG_COMPILER_APPICON_NAME = AppIcon;
				CODE_SIGN_STYLE = Automatic;
				DEVELOPMENT_TEAM = 3JA53WRFWZ;
				INFOPLIST_FILE = HTPageViewExample/Info.plist;
				IPHONEOS_DEPLOYMENT_TARGET = 9.0;
				LD_RUNPATH_SEARCH_PATHS = "$(inherited) @executable_path/Frameworks";
				PRODUCT_BUNDLE_IDENTIFIER = com.puc.presto.ewallet.HTPageViewExample;
				PRODUCT_NAME = "$(TARGET_NAME)";
				SWIFT_VERSION = 4.0;
				TARGETED_DEVICE_FAMILY = "1,2";
			};
			name = Release;
		};
/* End XCBuildConfiguration section */

/* Begin XCConfigurationList section */
		CF7A81C61FC57B86005C03E4 /* Build configuration list for PBXProject "HTPageViewExample" */ = {
			isa = XCConfigurationList;
			buildConfigurations = (
				CF7A81DB1FC57B86005C03E4 /* Debug */,
				CF7A81DC1FC57B86005C03E4 /* Release */,
			);
			defaultConfigurationIsVisible = 0;
			defaultConfigurationName = Release;
		};
		CF7A81DD1FC57B86005C03E4 /* Build configuration list for PBXNativeTarget "HTPageViewExample" */ = {
			isa = XCConfigurationList;
			buildConfigurations = (
				CF7A81DE1FC57B86005C03E4 /* Debug */,
				CF7A81DF1FC57B86005C03E4 /* Release */,
			);
			defaultConfigurationIsVisible = 0;
			defaultConfigurationName = Release;
		};
/* End XCConfigurationList section */
	};
	rootObject = CF7A81C31FC57B86005C03E4 /* Project object */;
}
